
Microsoft Visual Studio Solution File, Format Version 12.00
# Visual Studio Version 16
VisualStudioVersion = 16.0.31112.23
MinimumVisualStudioVersion = 10.0.40219.1
Project("{9A19103F-16F7-4668-BE54-9A1E7A4F7556}") = "TiendaServicios.Api.Author", "TiendaServicios.Api.Author\TiendaServicios.Api.Author.csproj", "{474CD72E-411C-42B8-A917-E4612335A742}"
EndProject
Project("{9A19103F-16F7-4668-BE54-9A1E7A4F7556}") = "TiendaServicios.Api.Libro", "TiendaServicios.Api.Libro\TiendaServicios.Api.Libro.csproj", "{A7395530-8F5A-4C52-ABE2-AAF225C8BB68}"
EndProject
Project("{9A19103F-16F7-4668-BE54-9A1E7A4F7556}") = "TiendaServicios.Api.CarritoCompra", "TiendaServicios.Api.CarritoCompra\TiendaServicios.Api.CarritoCompra.csproj", "{78077CFF-FC3E-4AE3-B0C0-789D4294007B}"
EndProject
Project("{E53339B2-1760-4266-BCC7-CA923CBCF16C}") = "docker-compose", "docker-compose.dcproj", "{B960EB7D-97E0-445C-A945-B3CE03CDF485}"
EndProject
Project("{9A19103F-16F7-4668-BE54-9A1E7A4F7556}") = "TiendaServicios.Api.Libro.Tests", "TiendaServicios.Api.Libro.Tests\TiendaServicios.Api.Libro.Tests.csproj", "{CE7BF7C8-5863-4EDA-9B24-5EC7F94217ED}"
EndProject
Project("{2150E333-8FDC-42A3-9474-1A3956D46DE8}") = "Solution Items", "Solution Items", "{124C26FA-B100-4128-817A-35C085001CC5}"
	ProjectSection(SolutionItems) = preProject
		.filenesting.json = .filenesting.json
	EndProjectSection
EndProject
Project("{9A19103F-16F7-4668-BE54-9A1E7A4F7556}") = "TiendaServicios.Api.Geteway", "TiendaServicios.Api.Geteway\TiendaServicios.Api.Geteway.csproj", "{90F1233E-C3AF-4CFB-AF2F-9F7B515EBAAB}"
EndProject
Global
	GlobalSection(SolutionConfigurationPlatforms) = preSolution
		Debug|Any CPU = Debug|Any CPU
		Release|Any CPU = Release|Any CPU
	EndGlobalSection
	GlobalSection(ProjectConfigurationPlatforms) = postSolution
		{474CD72E-411C-42B8-A917-E4612335A742}.Debug|Any CPU.ActiveCfg = Debug|Any CPU
		{474CD72E-411C-42B8-A917-E4612335A742}.Debug|Any CPU.Build.0 = Debug|Any CPU
		{474CD72E-411C-42B8-A917-E4612335A742}.Release|Any CPU.ActiveCfg = Release|Any CPU
		{474CD72E-411C-42B8-A917-E4612335A742}.Release|Any CPU.Build.0 = Release|Any CPU
		{A7395530-8F5A-4C52-ABE2-AAF225C8BB68}.Debug|Any CPU.ActiveCfg = Debug|Any CPU
		{A7395530-8F5A-4C52-ABE2-AAF225C8BB68}.Debug|Any CPU.Build.0 = Debug|Any CPU
		{A7395530-8F5A-4C52-ABE2-AAF225C8BB68}.Release|Any CPU.ActiveCfg = Release|Any CPU
		{A7395530-8F5A-4C52-ABE2-AAF225C8BB68}.Release|Any CPU.Build.0 = Release|Any CPU
		{78077CFF-FC3E-4AE3-B0C0-789D4294007B}.Debug|Any CPU.ActiveCfg = Debug|Any CPU
		{78077CFF-FC3E-4AE3-B0C0-789D4294007B}.Debug|Any CPU.Build.0 = Debug|Any CPU
		{78077CFF-FC3E-4AE3-B0C0-789D4294007B}.Release|Any CPU.ActiveCfg = Release|Any CPU
		{78077CFF-FC3E-4AE3-B0C0-789D4294007B}.Release|Any CPU.Build.0 = Release|Any CPU
		{B960EB7D-97E0-445C-A945-B3CE03CDF485}.Debug|Any CPU.ActiveCfg = Debug|Any CPU
		{B960EB7D-97E0-445C-A945-B3CE03CDF485}.Debug|Any CPU.Build.0 = Debug|Any CPU
		{B960EB7D-97E0-445C-A945-B3CE03CDF485}.Release|Any CPU.ActiveCfg = Release|Any CPU
		{B960EB7D-97E0-445C-A945-B3CE03CDF485}.Release|Any CPU.Build.0 = Release|Any CPU
		{CE7BF7C8-5863-4EDA-9B24-5EC7F94217ED}.Debug|Any CPU.ActiveCfg = Debug|Any CPU
		{CE7BF7C8-5863-4EDA-9B24-5EC7F94217ED}.Release|Any CPU.ActiveCfg = Release|Any CPU
		{CE7BF7C8-5863-4EDA-9B24-5EC7F94217ED}.Release|Any CPU.Build.0 = Release|Any CPU
		{90F1233E-C3AF-4CFB-AF2F-9F7B515EBAAB}.Debug|Any CPU.ActiveCfg = Debug|Any CPU
		{90F1233E-C3AF-4CFB-AF2F-9F7B515EBAAB}.Debug|Any CPU.Build.0 = Debug|Any CPU
		{90F1233E-C3AF-4CFB-AF2F-9F7B515EBAAB}.Release|Any CPU.ActiveCfg = Release|Any CPU
		{90F1233E-C3AF-4CFB-AF2F-9F7B515EBAAB}.Release|Any CPU.Build.0 = Release|Any CPU
	EndGlobalSection
	GlobalSection(SolutionProperties) = preSolution
		HideSolutionNode = FALSE
	EndGlobalSection
	GlobalSection(ExtensibilityGlobals) = postSolution
		SolutionGuid = {11DDA52B-7F7E-45A0-A8D8-8FA8FD114FCA}
	EndGlobalSection
EndGlobal
